
Microsoft Visual Studio Solution File, Format Version 12.00
# Visual Studio 15
VisualStudioVersion = 15.0.27004.2005
MinimumVisualStudioVersion = 10.0.40219.1
Project("{FAE04EC0-301F-11D3-BF4B-00C04F79EFBC}") = "phone_bill_cal", "phone_bill_cal\phone_bill_cal.csproj", "{33264933-37B5-444A-9D72-337F7ACCF985}"
EndProject
Global
	GlobalSection(SolutionConfigurationPlatforms) = preSolution
		Debug|Any CPU = Debug|Any CPU
		Release|Any CPU = Release|Any CPU
	EndGlobalSection
	GlobalSection(ProjectConfigurationPlatforms) = postSolution
		{33264933-37B5-444A-9D72-337F7ACCF985}.Debug|Any CPU.ActiveCfg = Debug|Any CPU
		{33264933-37B5-444A-9D72-337F7ACCF985}.Debug|Any CPU.Build.0 = Debug|Any CPU
		{33264933-37B5-444A-9D72-337F7ACCF985}.Release|Any CPU.ActiveCfg = Release|Any CPU
		{33264933-37B5-444A-9D72-337F7ACCF985}.Release|Any CPU.Build.0 = Release|Any CPU
	EndGlobalSection
	GlobalSection(SolutionProperties) = preSolution
		HideSolutionNode = FALSE
	EndGlobalSection
	GlobalSection(ExtensibilityGlobals) = postSolution
		SolutionGuid = {2572526C-585A-44AE-A11E-FD668E7D0198}
	EndGlobalSection
EndGlobal
